
Microsoft Visual Studio Solution File, Format Version 12.00
# Visual Studio Version 16
VisualStudioVersion = 16.0.31727.386
MinimumVisualStudioVersion = 10.0.40219.1
Project("{9A19103F-16F7-4668-BE54-9A1E7A4F7556}") = "WPF Project - Drone Delivery", "WPF Project - Drone Delivery.csproj", "{1AA754A7-A81E-41C5-880E-2629D4E159FD}"
EndProject
Project("{FAE04EC0-301F-11D3-BF4B-00C04F79EFBC}") = "Data Layer", "..\Data Layer\Data Layer.csproj", "{6536706C-50A0-4174-A18B-509EF051E693}"
EndProject
Global
	GlobalSection(SolutionConfigurationPlatforms) = preSolution
		Debug|Any CPU = Debug|Any CPU
		Release|Any CPU = Release|Any CPU
	EndGlobalSection
	GlobalSection(ProjectConfigurationPlatforms) = postSolution
		{1AA754A7-A81E-41C5-880E-2629D4E159FD}.Debug|Any CPU.ActiveCfg = Debug|Any CPU
		{1AA754A7-A81E-41C5-880E-2629D4E159FD}.Debug|Any CPU.Build.0 = Debug|Any CPU
		{1AA754A7-A81E-41C5-880E-2629D4E159FD}.Release|Any CPU.ActiveCfg = Release|Any CPU
		{1AA754A7-A81E-41C5-880E-2629D4E159FD}.Release|Any CPU.Build.0 = Release|Any CPU
		{6536706C-50A0-4174-A18B-509EF051E693}.Debug|Any CPU.ActiveCfg = Debug|Any CPU
		{6536706C-50A0-4174-A18B-509EF051E693}.Debug|Any CPU.Build.0 = Debug|Any CPU
		{6536706C-50A0-4174-A18B-509EF051E693}.Release|Any CPU.ActiveCfg = Release|Any CPU
		{6536706C-50A0-4174-A18B-509EF051E693}.Release|Any CPU.Build.0 = Release|Any CPU
	EndGlobalSection
	GlobalSection(SolutionProperties) = preSolution
		HideSolutionNode = FALSE
	EndGlobalSection
	GlobalSection(ExtensibilityGlobals) = postSolution
		SolutionGuid = {36DD92B6-DEF2-444F-9550-1A1963FBF202}
	EndGlobalSection
EndGlobal
